
Microsoft Visual Studio Solution File, Format Version 12.00
# Visual Studio Version 17
VisualStudioVersion = 17.2.32505.173
MinimumVisualStudioVersion = 10.0.40219.1
Project("{FAE04EC0-301F-11D3-BF4B-00C04F79EFBC}") = "ExemploClasseBanco72C", "ExemploClasseBanco72C\ExemploClasseBanco72C.csproj", "{D72D9969-502E-44C4-9100-615B70E35857}"
EndProject
Global
	GlobalSection(SolutionConfigurationPlatforms) = preSolution
		Debug|Any CPU = Debug|Any CPU
		Release|Any CPU = Release|Any CPU
	EndGlobalSection
	GlobalSection(ProjectConfigurationPlatforms) = postSolution
		{D72D9969-502E-44C4-9100-615B70E35857}.Debug|Any CPU.ActiveCfg = Debug|Any CPU
		{D72D9969-502E-44C4-9100-615B70E35857}.Debug|Any CPU.Build.0 = Debug|Any CPU
		{D72D9969-502E-44C4-9100-615B70E35857}.Release|Any CPU.ActiveCfg = Release|Any CPU
		{D72D9969-502E-44C4-9100-615B70E35857}.Release|Any CPU.Build.0 = Release|Any CPU
	EndGlobalSection
	GlobalSection(SolutionProperties) = preSolution
		HideSolutionNode = FALSE
	EndGlobalSection
	GlobalSection(ExtensibilityGlobals) = postSolution
		SolutionGuid = {6A1F544C-8AC8-4CAC-860E-C8FF8C43B7CD}
	EndGlobalSection
EndGlobal
